# @generated by Move, please check-in and do not edit manually.

[move]
version = 0
manifest_digest = "52C749114DE3F275E9A6D53510B2675F2CA5B2EBEAF4522BC27B0C18E8F84525"
deps_digest = "D7FB1F2E1A893B9A0E80A392473710373DE5791D3AC8F6D898803754B2ADAE6B"

dependencies = [
  { name = "AftermathAmm" },
  { name = "BucketFountain" },
  { name = "BucketProtocol" },
  { name = "CetusClmm" },
  { name = "CetusIntegrate" },
  { name = "InsuranceFund" },
  { name = "ProtocolFeeVault" },
  { name = "ReferralVault" },
  { name = "StraterLpVault" },
  { name = "Sui" },
  { name = "Treasury" },
]

[[move.package]]
name = "AftermathAmm"
source = { local = "aftermath-interfaces/packages/amm/amm" }

dependencies = [
  { name = "AmmMath" },
  { name = "ProtocolFeeVault" },
  { name = "Sui" },
]

[[move.package]]
name = "AmmMath"
source = { local = "aftermath-interfaces/packages/amm/amm-math" }

dependencies = [
  { name = "Sui" },
]

[[move.package]]
name = "BucketFountain"
source = { git = "https://github.com/Bucket-Protocol/fountain.git", rev = "main", subdir = "" }

dependencies = [
  { name = "Sui" },
]

[[move.package]]
name = "BucketFramework"
source = { local = "../v1-core/framework" }

dependencies = [
  { name = "Sui" },
]

[[move.package]]
name = "BucketOracle"
source = { git = "https://github.com/Bucket-Protocol/oracle.git", rev = "mainnet", subdir = "" }

dependencies = [
  { name = "Pyth" },
  { name = "Sui" },
  { name = "SupraOracle" },
  { name = "SwitchboardStdLib" },
]

[[move.package]]
name = "BucketProtocol"
source = { local = "../v1-core/protocol" }

dependencies = [
  { name = "BucketFramework" },
  { name = "BucketOracle" },
  { name = "Sui" },
]

[[move.package]]
name = "CetusClmm"
source = { local = "../cetus-lp-vault/cetus-clmm/clmmpool" }

dependencies = [
  { name = "IntegerMate" },
  { name = "MoveSTL" },
  { name = "Sui" },
]

[[move.package]]
name = "CetusIntegrate"
source = { local = "../cetus-lp-vault/cetus-clmm/integrate" }

dependencies = [
  { name = "CetusClmm" },
  { name = "Sui" },
]

[[move.package]]
name = "InsuranceFund"
source = { local = "aftermath-interfaces/packages/amm/amm-insurance-fund" }

dependencies = [
  { name = "Sui" },
]

[[move.package]]
name = "IntegerMate"
source = { local = "../cetus-lp-vault/cetus-integer-mate" }

dependencies = [
  { name = "Sui" },
]

[[move.package]]
name = "MoveSTL"
source = { local = "../cetus-lp-vault/cetus-move-stl" }

dependencies = [
  { name = "Sui" },
]

[[move.package]]
name = "MoveStdlib"
source = { git = "https://github.com/MystenLabs/sui.git", rev = "framework/mainnet", subdir = "crates/sui-framework/packages/move-stdlib" }

[[move.package]]
name = "ProtocolFeeVault"
source = { local = "aftermath-interfaces/packages/amm/amm-protocol-fee-vault" }

dependencies = [
  { name = "InsuranceFund" },
  { name = "ReferralVault" },
  { name = "Sui" },
  { name = "Treasury" },
  { name = "utilities" },
]

[[move.package]]
name = "Pyth"
source = { git = "https://github.com/Bucket-Protocol/oracle.git", rev = "mainnet", subdir = "partners/pyth" }

dependencies = [
  { name = "Sui" },
  { name = "Wormhole" },
]

[[move.package]]
name = "ReferralVault"
source = { local = "aftermath-interfaces/packages/amm/amm-referral-vault" }

dependencies = [
  { name = "Sui" },
]

[[move.package]]
name = "StraterLpVault"
source = { local = "../cetus-lp-vault" }

dependencies = [
  { name = "CetusClmm" },
  { name = "Sui" },
]

[[move.package]]
name = "Sui"
source = { git = "https://github.com/MystenLabs/sui.git", rev = "framework/mainnet", subdir = "crates/sui-framework/packages/sui-framework" }

dependencies = [
  { name = "MoveStdlib" },
]

[[move.package]]
name = "SupraOracle"
source = { git = "https://github.com/Bucket-Protocol/oracle.git", rev = "mainnet", subdir = "partners/supra" }

dependencies = [
  { name = "Sui" },
]

[[move.package]]
name = "SwitchboardStdLib"
source = { git = "https://github.com/Bucket-Protocol/oracle.git", rev = "mainnet", subdir = "partners/switchboard" }

dependencies = [
  { name = "MoveStdlib" },
  { name = "Sui" },
]

[[move.package]]
name = "Treasury"
source = { local = "aftermath-interfaces/packages/amm/amm-treasury" }

dependencies = [
  { name = "Sui" },
]

[[move.package]]
name = "Wormhole"
source = { git = "https://github.com/Bucket-Protocol/oracle.git", rev = "mainnet", subdir = "partners/pyth/wormhole" }

dependencies = [
  { name = "Sui" },
]

[[move.package]]
name = "utilities"
source = { local = "aftermath-interfaces/packages/utility/utilities" }

dependencies = [
  { name = "Sui" },
]

[move.toolchain-version]
compiler-version = "1.17.3"
edition = "legacy"
flavor = "sui"
