# @generated by Move, please check-in and do not edit manually.

[move]
version = 0
manifest_digest = "C59BD633BF8260D699FE0C6C6BD0EB5ADDA4082286A0C5C3995B78CD12E473C4"
deps_digest = "8227D341C0550A37580C10FA45FE148A465225149C69D179737E0FE454AD6AEC"

dependencies = [
  { name = "AftermathAmm" },
  { name = "BucketFountain" },
  { name = "BucketProtocol" },
  { name = "InsuranceFund" },
  { name = "KriyaFountain" },
  { name = "ProtocolFeeVault" },
  { name = "ReferralVault" },
  { name = "Sui" },
  { name = "Treasury" },
]

[[move.package]]
name = "AftermathAmm"
source = { local = "aftermath-amm/packages/amm" }

dependencies = [
  { name = "AmmMath" },
  { name = "ProtocolFeeVault" },
  { name = "Sui" },
]

[[move.package]]
name = "AmmMath"
source = { local = "aftermath-amm/packages/amm-math" }

dependencies = [
  { name = "Sui" },
  { name = "utilities" },
]

[[move.package]]
name = "BucketFountain"
source = { git = "https://github.com/Bucket-Protocol/fountain.git", rev = "main", subdir = "" }

dependencies = [
  { name = "Sui" },
]

[[move.package]]
name = "BucketFramework"
source = { local = "../v1-core/framework" }

dependencies = [
  { name = "Sui" },
]

[[move.package]]
name = "BucketOracle"
source = { git = "https://github.com/Bucket-Protocol/oracle.git", rev = "test-only", subdir = "" }

dependencies = [
  { name = "Sui" },
]

[[move.package]]
name = "BucketProtocol"
source = { local = "../v1-core/protocol" }

dependencies = [
  { name = "BucketFramework" },
  { name = "BucketOracle" },
  { name = "Sui" },
]

[[move.package]]
name = "InsuranceFund"
source = { local = "aftermath-vault/insurance-fund" }

dependencies = [
  { name = "Sui" },
]

[[move.package]]
name = "KriyaDEX"
source = { git = "https://github.com/Bucket-Protocol/fountain-kriya.git", rev = "main", subdir = "kriya" }

dependencies = [
  { name = "Sui" },
]

[[move.package]]
name = "KriyaFountain"
source = { git = "https://github.com/Bucket-Protocol/fountain-kriya.git", rev = "main", subdir = "" }

dependencies = [
  { name = "BucketFountain" },
  { name = "KriyaDEX" },
  { name = "Sui" },
]

[[move.package]]
name = "MoveStdlib"
source = { git = "https://github.com/MystenLabs/sui.git", rev = "framework/mainnet", subdir = "crates/sui-framework/packages/move-stdlib" }

[[move.package]]
name = "ProtocolFeeVault"
source = { local = "aftermath-vault/protocol-fee-vault" }

dependencies = [
  { name = "InsuranceFund" },
  { name = "ReferralVault" },
  { name = "Sui" },
  { name = "Treasury" },
  { name = "utilities" },
]

[[move.package]]
name = "ReferralVault"
source = { local = "aftermath-vault/referral-vault" }

dependencies = [
  { name = "Sui" },
]

[[move.package]]
name = "Sui"
source = { git = "https://github.com/MystenLabs/sui.git", rev = "framework/mainnet", subdir = "crates/sui-framework/packages/sui-framework" }

dependencies = [
  { name = "MoveStdlib" },
]

[[move.package]]
name = "Treasury"
source = { local = "aftermath-vault/treasury" }

dependencies = [
  { name = "Sui" },
]

[[move.package]]
name = "utilities"
source = { git = "https://github.com/AftermathFinance/move-interfaces", rev = "main", subdir = "packages/utility/utilities/" }

dependencies = [
  { name = "Sui" },
]
